{
  "name": "gfwlist",
  "version": "1.0.0",
  "lockfileVersion": 1,
  "requires": true,
  "dependencies": {
    "js-base64": {
      "version": "3.1.3",
      "resolved": "https://registry.npm.taobao.org/js-base64/download/js-base64-3.1.3.tgz?cache=0&sync_timestamp=1594912328637&other_urls=https%3A%2F%2Fregistry.npm.taobao.org%2Fjs-base64%2Fdownload%2Fjs-base64-3.1.3.tgz",
      "integrity": "sha1-Y8datodcQYMB0zSkEZuC2vlztmc="
    }
  }
}
